PODS:
  - CallMateBLEKit (0.1.2)
  - libopus (1.1):
    - libopus/float (= 1.1)
  - libopus/float (1.1)

DEPENDENCIES:
  - CallMateBLEKit (from `/Users/macbook/Desktop/CallMate/ios-ble`)
  - libopus

SPEC REPOS:
  trunk:
    - libopus

EXTERNAL SOURCES:
  CallMateBLEKit:
    :path: "/Users/macbook/Desktop/CallMate/ios-ble"

SPEC CHECKSUMS:
  CallMateBLEKit: dd4d6436953cb9e77438d5018323523735110d89
  libopus: ad5f060dcb8f30f139777244d70f9111f1c80863

PODFILE CHECKSUM: 8a285b4e314fb873ba5f3c17c123a47feb0de1db

COCOAPODS: 1.16.2
