PODS:
  - CallMateBLEKit (0.1.0)
  - libopus (1.1):
    - libopus/float (= 1.1)
  - libopus/float (1.1)

DEPENDENCIES:
  - CallMateBLEKit (from `ThirdParty/CallMateBLEKit/CallMateBLEKit.podspec`)
  - libopus

SPEC REPOS:
  trunk:
    - libopus

EXTERNAL SOURCES:
  CallMateBLEKit:
    :podspec: ThirdParty/CallMateBLEKit/CallMateBLEKit.podspec

SPEC CHECKSUMS:
  CallMateBLEKit: 5ee05ed8a5e008d72e90858da7118805ee77a915
  libopus: ad5f060dcb8f30f139777244d70f9111f1c80863

PODFILE CHECKSUM: 08e89ff43863f0dc1f3aa057e6fd3962551859e1

COCOAPODS: 1.16.2
