// !$*UTF8*$!
{
	archiveVersion = 1;
	classes = {
	};
	objectVersion = 77;
	objects = {

/* Begin PBXAggregateTarget section */
		D1B2C3D42F7000010057B50D /* Pods-Bootstrap */ = {
			isa = PBXAggregateTarget;
			buildConfigurationList = D1B2C3D52F7000010057B50D /* Build configuration list for PBXAggregateTarget "Pods-Bootstrap" */;
			buildPhases = (
				F1A2B3C42F6000010057B50D /* Auto Pod Install */,
			);
			dependencies = (
			);
			name = "Pods-Bootstrap";
			productName = "Pods-Bootstrap";
		};
/* End PBXAggregateTarget section */

/* Begin PBXBuildFile section */
		96A3E465012FF31BC786E058 /* libPods-CallMate.a in Frameworks */ = {isa = PBXBuildFile; fileRef = 118303478650077FC1E56EBA /* libPods-CallMate.a */; };
		A1B2C3D42F4000010057B50D /* CallMateLiveActivity.appex in Embed Foundation Extensions */ = {isa = PBXBuildFile; fileRef = A1B2C3D52F4000010057B50D /* CallMateLiveActivity.appex */; settings = {ATTRIBUTES = (RemoveHeadersOnCopy, ); }; };
/* End PBXBuildFile section */

/* Begin PBXContainerItemProxy section */
		B1C2D3ED2F5000010057B50D /* PBXContainerItemProxy */ = {
			isa = PBXContainerItemProxy;
			containerPortal = FA4E945B2F3075970057B50D /* Project object */;
			proxyType = 1;
			remoteGlobalIDString = FA4E94622F3075970057B50D;
			remoteInfo = CallMate;
		};
		D1B2C3D92F7000010057B50D /* PBXContainerItemProxy */ = {
			isa = PBXContainerItemProxy;
			containerPortal = FA4E945B2F3075970057B50D /* Project object */;
			proxyType = 1;
			remoteGlobalIDString = D1B2C3D42F7000010057B50D;
			remoteInfo = "Pods-Bootstrap";
		};
/* End PBXContainerItemProxy section */

/* Begin PBXCopyFilesBuildPhase section */
		A1B2C3DB2F4000010057B50D /* Embed Foundation Extensions */ = {
			isa = PBXCopyFilesBuildPhase;
			buildActionMask = 2147483647;
			dstPath = "";
			dstSubfolderSpec = 13;
			files = (
				A1B2C3D42F4000010057B50D /* CallMateLiveActivity.appex in Embed Foundation Extensions */,
			);
			name = "Embed Foundation Extensions";
			runOnlyForDeploymentPostprocessing = 0;
		};
/* End PBXCopyFilesBuildPhase section */

/* Begin PBXFileReference section */
		118303478650077FC1E56EBA /* libPods-CallMate.a */ = {isa = PBXFileReference; explicitFileType = archive.ar; includeInIndex = 0; path = "libPods-CallMate.a"; sourceTree = BUILT_PRODUCTS_DIR; };
		3D7F8A4AC0E98D7BEC09B772 /* Pods-CallMate.release.xcconfig */ = {isa = PBXFileReference; includeInIndex = 1; lastKnownFileType = text.xcconfig; name = "Pods-CallMate.release.xcconfig"; path = "Target Support Files/Pods-CallMate/Pods-CallMate.release.xcconfig"; sourceTree = "<group>"; };
		48F556DDD28560E33B10A367 /* Pods-CallMate.debug.xcconfig */ = {isa = PBXFileReference; includeInIndex = 1; lastKnownFileType = text.xcconfig; name = "Pods-CallMate.debug.xcconfig"; path = "Target Support Files/Pods-CallMate/Pods-CallMate.debug.xcconfig"; sourceTree = "<group>"; };
		A1B2C3D52F4000010057B50D /* CallMateLiveActivity.appex */ = {isa = PBXFileReference; explicitFileType = "wrapper.app-extension"; includeInIndex = 0; path = CallMateLiveActivity.appex; sourceTree = BUILT_PRODUCTS_DIR; };
		B1C2D3E42F5000010057B50D /* CallMateUITests.xctest */ = {isa = PBXFileReference; explicitFileType = wrapper.cfbundle; includeInIndex = 0; path = CallMateUITests.xctest; sourceTree = BUILT_PRODUCTS_DIR; };
		E7A1C9B02F5000010057B50D /* CallMate.release-appstore.xcconfig */ = {isa = PBXFileReference; includeInIndex = 1; lastKnownFileType = text.xcconfig; path = "CallMate.release-appstore.xcconfig"; sourceTree = "<group>"; };
		FA4E94632F3075970057B50D /* CallMate.app */ = {isa = PBXFileReference; explicitFileType = wrapper.application; includeInIndex = 0; path = CallMate.app; sourceTree = BUILT_PRODUCTS_DIR; };
/* End PBXFileReference section */

/* Begin PBXFileSystemSynchronizedRootGroup section */
		A1B2C3D62F4000010057B50D /* CallMateLiveActivity */ = {
			isa = PBXFileSystemSynchronizedRootGroup;
			exceptions = (
			);
			path = CallMateLiveActivity;
			sourceTree = "<group>";
		};
		B1C2D3E52F5000010057B50D /* CallMateUITests */ = {
			isa = PBXFileSystemSynchronizedRootGroup;
			exceptions = (
			);
			path = CallMateUITests;
			sourceTree = "<group>";
		};
		FA4E94652F3075970057B50D /* CallMate */ = {
			isa = PBXFileSystemSynchronizedRootGroup;
			exceptions = (
			);
			path = CallMate;
			sourceTree = "<group>";
		};
/* End PBXFileSystemSynchronizedRootGroup section */

/* Begin PBXFrameworksBuildPhase section */
		A1B2C3D72F4000010057B50D /* Frameworks */ = {
			isa = PBXFrameworksBuildPhase;
			buildActionMask = 2147483647;
			files = (
			);
			runOnlyForDeploymentPostprocessing = 0;
		};
		B1C2D3E62F5000010057B50D /* Frameworks */ = {
			isa = PBXFrameworksBuildPhase;
			buildActionMask = 2147483647;
			files = (
			);
			runOnlyForDeploymentPostprocessing = 0;
		};
		FA4E94602F3075970057B50D /* Frameworks */ = {
			isa = PBXFrameworksBuildPhase;
			buildActionMask = 2147483647;
			files = (
				96A3E465012FF31BC786E058 /* libPods-CallMate.a in Frameworks */,
			);
			runOnlyForDeploymentPostprocessing = 0;
		};
/* End PBXFrameworksBuildPhase section */

/* Begin PBXGroup section */
		0242F14CBE41F48C37828341 /* Frameworks */ = {
			isa = PBXGroup;
			children = (
				118303478650077FC1E56EBA /* libPods-CallMate.a */,
			);
			name = Frameworks;
			sourceTree = "<group>";
		};
		5A845ED495B78B215EF029A3 /* Pods */ = {
			isa = PBXGroup;
			children = (
				48F556DDD28560E33B10A367 /* Pods-CallMate.debug.xcconfig */,
				3D7F8A4AC0E98D7BEC09B772 /* Pods-CallMate.release.xcconfig */,
			);
			path = Pods;
			sourceTree = "<group>";
		};
		E7A1C9B22F5000010057B50D /* Config */ = {
			isa = PBXGroup;
			children = (
				E7A1C9B02F5000010057B50D /* CallMate.release-appstore.xcconfig */,
			);
			path = Config;
			sourceTree = "<group>";
		};
		FA4E945A2F3075970057B50D = {
			isa = PBXGroup;
			children = (
				E7A1C9B22F5000010057B50D /* Config */,
				FA4E94652F3075970057B50D /* CallMate */,
				A1B2C3D62F4000010057B50D /* CallMateLiveActivity */,
				B1C2D3E52F5000010057B50D /* CallMateUITests */,
				FA4E94642F3075970057B50D /* Products */,
				5A845ED495B78B215EF029A3 /* Pods */,
				0242F14CBE41F48C37828341 /* Frameworks */,
			);
			sourceTree = "<group>";
		};
		FA4E94642F3075970057B50D /* Products */ = {
			isa = PBXGroup;
			children = (
				FA4E94632F3075970057B50D /* CallMate.app */,
				A1B2C3D52F4000010057B50D /* CallMateLiveActivity.appex */,
				B1C2D3E42F5000010057B50D /* CallMateUITests.xctest */,
			);
			name = Products;
			sourceTree = "<group>";
		};
/* End PBXGroup section */

/* Begin PBXNativeTarget section */
		A1B2C3D82F4000010057B50D /* CallMateLiveActivity */ = {
			isa = PBXNativeTarget;
			buildConfigurationList = A1B2C3DE2F4000010057B50D /* Build configuration list for PBXNativeTarget "CallMateLiveActivity" */;
			buildPhases = (
				A1B2C3DA2F4000010057B50D /* Sources */,
				A1B2C3D72F4000010057B50D /* Frameworks */,
				A1B2C3D92F4000010057B50D /* Resources */,
			);
			buildRules = (
			);
			dependencies = (
			);
			fileSystemSynchronizedGroups = (
				A1B2C3D62F4000010057B50D /* CallMateLiveActivity */,
			);
			name = CallMateLiveActivity;
			productName = CallMateLiveActivity;
			productReference = A1B2C3D52F4000010057B50D /* CallMateLiveActivity.appex */;
			productType = "com.apple.product-type.app-extension";
		};
		B1C2D3E72F5000010057B50D /* CallMateUITests */ = {
			isa = PBXNativeTarget;
			buildConfigurationList = B1C2D3EA2F5000010057B50D /* Build configuration list for PBXNativeTarget "CallMateUITests" */;
			buildPhases = (
				B1C2D3E92F5000010057B50D /* Sources */,
				B1C2D3E62F5000010057B50D /* Frameworks */,
				B1C2D3E82F5000010057B50D /* Resources */,
			);
			buildRules = (
			);
			dependencies = (
				B1C2D3EE2F5000010057B50D /* PBXTargetDependency */,
			);
			fileSystemSynchronizedGroups = (
				B1C2D3E52F5000010057B50D /* CallMateUITests */,
			);
			name = CallMateUITests;
			productName = CallMateUITests;
			productReference = B1C2D3E42F5000010057B50D /* CallMateUITests.xctest */;
			productType = "com.apple.product-type.bundle.ui-testing";
		};
		FA4E94622F3075970057B50D /* CallMate */ = {
			isa = PBXNativeTarget;
			buildConfigurationList = FA4E946E2F3075990057B50D /* Build configuration list for PBXNativeTarget "CallMate" */;
			buildPhases = (
				E49B883FDF9E0D69C3D751AC /* [CP] Check Pods Manifest.lock */,
				FA4E945F2F3075970057B50D /* Sources */,
				FA4E94602F3075970057B50D /* Frameworks */,
				FA4E94612F3075970057B50D /* Resources */,
				A1B2C3DB2F4000010057B50D /* Embed Foundation Extensions */,
			);
			buildRules = (
			);
			dependencies = (
				D1B2C3DA2F7000010057B50D /* PBXTargetDependency */,
			);
			fileSystemSynchronizedGroups = (
				FA4E94652F3075970057B50D /* CallMate */,
			);
			name = CallMate;
			productName = CallMate;
			productReference = FA4E94632F3075970057B50D /* CallMate.app */;
			productType = "com.apple.product-type.application";
		};
/* End PBXNativeTarget section */

/* Begin PBXProject section */
		FA4E945B2F3075970057B50D /* Project object */ = {
			isa = PBXProject;
			attributes = {
				BuildIndependentTargetsInParallel = 1;
				LastSwiftUpdateCheck = 2620;
				LastUpgradeCheck = 2630;
				TargetAttributes = {
					A1B2C3D82F4000010057B50D = {
						CreatedOnToolsVersion = 26.2;
					};
					B1C2D3E72F5000010057B50D = {
						CreatedOnToolsVersion = 26.2;
					};
					FA4E94622F3075970057B50D = {
						CreatedOnToolsVersion = 26.2;
					};
				};
			};
			buildConfigurationList = FA4E945E2F3075970057B50D /* Build configuration list for PBXProject "EchoCard" */;
			developmentRegion = en;
			hasScannedForEncodings = 0;
			knownRegions = (
				en,
				Base,
				"zh-Hans",
			);
			mainGroup = FA4E945A2F3075970057B50D;
			minimizedProjectReferenceProxies = 1;
			preferredProjectObjectVersion = 77;
			productRefGroup = FA4E94642F3075970057B50D /* Products */;
			projectDirPath = "";
			projectRoot = "";
			targets = (
				D1B2C3D42F7000010057B50D /* Pods-Bootstrap */,
				FA4E94622F3075970057B50D /* CallMate */,
				A1B2C3D82F4000010057B50D /* CallMateLiveActivity */,
				B1C2D3E72F5000010057B50D /* CallMateUITests */,
			);
		};
/* End PBXProject section */

/* Begin PBXResourcesBuildPhase section */
		A1B2C3D92F4000010057B50D /* Resources */ = {
			isa = PBXResourcesBuildPhase;
			buildActionMask = 2147483647;
			files = (
			);
			runOnlyForDeploymentPostprocessing = 0;
		};
		B1C2D3E82F5000010057B50D /* Resources */ = {
			isa = PBXResourcesBuildPhase;
			buildActionMask = 2147483647;
			files = (
			);
			runOnlyForDeploymentPostprocessing = 0;
		};
		FA4E94612F3075970057B50D /* Resources */ = {
			isa = PBXResourcesBuildPhase;
			buildActionMask = 2147483647;
			files = (
			);
			runOnlyForDeploymentPostprocessing = 0;
		};
/* End PBXResourcesBuildPhase section */

/* Begin PBXShellScriptBuildPhase section */
		E49B883FDF9E0D69C3D751AC /* [CP] Check Pods Manifest.lock */ = {
			isa = PBXShellScriptBuildPhase;
			buildActionMask = 2147483647;
			files = (
			);
			inputFileListPaths = (
			);
			inputPaths = (
				"${PODS_PODFILE_DIR_PATH}/Podfile.lock",
				"${PODS_ROOT}/Manifest.lock",
			);
			name = "[CP] Check Pods Manifest.lock";
			outputFileListPaths = (
			);
			outputPaths = (
				"$(DERIVED_FILE_DIR)/Pods-CallMate-checkManifestLockResult.txt",
			);
			runOnlyForDeploymentPostprocessing = 0;
			shellPath = /bin/sh;
			shellScript = "diff \"${PODS_PODFILE_DIR_PATH}/Podfile.lock\" \"${PODS_ROOT}/Manifest.lock\" > /dev/null\nif [ $? != 0 ] ; then\n    # print error to STDERR\n    echo \"error: The sandbox is not in sync with the Podfile.lock. Run 'pod install' or update your CocoaPods installation.\" >&2\n    exit 1\nfi\n# This output is used by Xcode 'outputs' to avoid re-running this script phase.\necho \"SUCCESS\" > \"${SCRIPT_OUTPUT_FILE_0}\"\n";
			showEnvVarsInLog = 0;
		};
		F1A2B3C42F6000010057B50D /* Auto Pod Install */ = {
			isa = PBXShellScriptBuildPhase;
			buildActionMask = 2147483647;
			files = (
			);
			inputFileListPaths = (
			);
			inputPaths = (
				"${SRCROOT}/Podfile",
				"${SRCROOT}/Podfile.lock",
				"${SRCROOT}/Pods/Manifest.lock",
			);
			name = "Auto Pod Install";
			outputFileListPaths = (
			);
			outputPaths = (
			);
			runOnlyForDeploymentPostprocessing = 0;
			shellPath = /bin/sh;
			shellScript = "set -e\ncd \"${SRCROOT}\"\nexport LANG=\"${LANG:-en_US.UTF-8}\"\n\nLOCK=\"${SRCROOT}/Podfile.lock\"\nMANIFEST=\"${SRCROOT}/Pods/Manifest.lock\"\nSTUB_CFG=\"${SRCROOT}/Pods/Target Support Files/Pods-CallMate/Pods-CallMate.debug.xcconfig\"\n\nif [ ! -f \"$LOCK\" ]; then\n  echo \"error: Podfile.lock missing at $LOCK\" >&2\n  exit 1\nfi\n\nSTUB=0\nif [ -f \"$STUB_CFG\" ] && grep -q 'Placeholder until' \"$STUB_CFG\"; then\n  STUB=1\nfi\n\nif [ \"$STUB\" -eq 0 ] && [ -f \"$MANIFEST\" ] && cmp -s \"$LOCK\" \"$MANIFEST\"; then\n  exit 0\nfi\n\nif ! command -v pod >/dev/null 2>&1; then\n  echo \"error: Pods are missing or out of sync with Podfile.lock. Install CocoaPods from https://cocoapods.org then run: pod install (project: ${SRCROOT})\" >&2\n  exit 1\nfi\n\necho \"note: Running pod install (Pods missing, Podfile.lock changed, or placeholder xcconfigs)...\"\npod install\necho \"note: CocoaPods finished. Press Build once more so Xcode picks up the new Pods (normal after clone).\" >&2\nexit 1\n";
			showEnvVarsInLog = 0;
		};
/* End PBXShellScriptBuildPhase section */

/* Begin PBXSourcesBuildPhase section */
		A1B2C3DA2F4000010057B50D /* Sources */ = {
			isa = PBXSourcesBuildPhase;
			buildActionMask = 2147483647;
			files = (
			);
			runOnlyForDeploymentPostprocessing = 0;
		};
		B1C2D3E92F5000010057B50D /* Sources */ = {
			isa = PBXSourcesBuildPhase;
			buildActionMask = 2147483647;
			files = (
			);
			runOnlyForDeploymentPostprocessing = 0;
		};
		FA4E945F2F3075970057B50D /* Sources */ = {
			isa = PBXSourcesBuildPhase;
			buildActionMask = 2147483647;
			files = (
			);
			runOnlyForDeploymentPostprocessing = 0;
		};
/* End PBXSourcesBuildPhase section */

/* Begin PBXTargetDependency section */
		B1C2D3EE2F5000010057B50D /* PBXTargetDependency */ = {
			isa = PBXTargetDependency;
			target = FA4E94622F3075970057B50D /* CallMate */;
			targetProxy = B1C2D3ED2F5000010057B50D /* PBXContainerItemProxy */;
		};
		D1B2C3DA2F7000010057B50D /* PBXTargetDependency */ = {
			isa = PBXTargetDependency;
			target = D1B2C3D42F7000010057B50D /* Pods-Bootstrap */;
			targetProxy = D1B2C3D92F7000010057B50D /* PBXContainerItemProxy */;
		};
/* End PBXTargetDependency section */

/* Begin XCBuildConfiguration section */
		A1B2C3DC2F4000010057B50D /* Debug */ = {
			isa = XCBuildConfiguration;
			buildSettings = {
				APPLICATION_EXTENSION_API_ONLY = YES;
				CODE_SIGN_IDENTITY = "Apple Development";
				CODE_SIGN_STYLE = Automatic;
				CURRENT_PROJECT_VERSION = 245;
				DEVELOPMENT_TEAM = Q322S2LD93;
				GENERATE_INFOPLIST_FILE = NO;
				INFOPLIST_FILE = "CallMateLiveActivity-Info.plist";
				IPHONEOS_DEPLOYMENT_TARGET = 17.0;
				LD_RUNPATH_SEARCH_PATHS = (
					"$(inherited)",
					"@executable_path/Frameworks",
					"@executable_path/../../Frameworks",
				);
				MARKETING_VERSION = 1.9.231;
				PRODUCT_BUNDLE_IDENTIFIER = greater.longshu.CallMateTool.LiveActivity;
				PRODUCT_NAME = "$(TARGET_NAME)";
				PROVISIONING_PROFILE_SPECIFIER = "";
				SKIP_INSTALL = YES;
				SWIFT_EMIT_LOC_STRINGS = YES;
				SWIFT_VERSION = 5.0;
				TARGETED_DEVICE_FAMILY = 1;
			};
			name = Debug;
		};
		A1B2C3DD2F4000010057B50D /* Release */ = {
			isa = XCBuildConfiguration;
			buildSettings = {
				APPLICATION_EXTENSION_API_ONLY = YES;
				CODE_SIGN_IDENTITY = "Apple Development";
				CODE_SIGN_STYLE = Automatic;
				CURRENT_PROJECT_VERSION = 245;
				DEVELOPMENT_TEAM = Q322S2LD93;
				GENERATE_INFOPLIST_FILE = NO;
				INFOPLIST_FILE = "CallMateLiveActivity-Info.plist";
				IPHONEOS_DEPLOYMENT_TARGET = 17.0;
				LD_RUNPATH_SEARCH_PATHS = (
					"$(inherited)",
					"@executable_path/Frameworks",
					"@executable_path/../../Frameworks",
				);
				MARKETING_VERSION = 1.9.231;
				PRODUCT_BUNDLE_IDENTIFIER = greater.longshu.CallMateTool.LiveActivity;
				PRODUCT_NAME = "$(TARGET_NAME)";
				PROVISIONING_PROFILE_SPECIFIER = "";
				SKIP_INSTALL = YES;
				SWIFT_EMIT_LOC_STRINGS = YES;
				SWIFT_VERSION = 5.0;
				TARGETED_DEVICE_FAMILY = 1;
			};
			name = Release;
		};
		B1C2D3EB2F5000010057B50D /* Debug */ = {
			isa = XCBuildConfiguration;
			buildSettings = {
				CODE_SIGN_IDENTITY = "Apple Development";
				CODE_SIGN_STYLE = Automatic;
				CURRENT_PROJECT_VERSION = 245;
				DEVELOPMENT_TEAM = Q322S2LD93;
				GENERATE_INFOPLIST_FILE = YES;
				IPHONEOS_DEPLOYMENT_TARGET = 17.6;
				LD_RUNPATH_SEARCH_PATHS = (
					"$(inherited)",
					"@executable_path/Frameworks",
					"@loader_path/Frameworks",
				);
				MARKETING_VERSION = 1.9.147;
				PRODUCT_BUNDLE_IDENTIFIER = com.longshu.CallMateTool.dev.UITests;
				PRODUCT_NAME = "$(TARGET_NAME)";
				PROVISIONING_PROFILE_SPECIFIER = "";
				SUPPORTED_PLATFORMS = "iphoneos iphonesimulator";
				SWIFT_ACTIVE_COMPILATION_CONDITIONS = "DEBUG $(inherited)";
				SWIFT_EMIT_LOC_STRINGS = NO;
				SWIFT_VERSION = 5.0;
				TARGETED_DEVICE_FAMILY = 1;
				TEST_TARGET_NAME = CallMate;
			};
			name = Debug;
		};
		B1C2D3EC2F5000010057B50D /* Release */ = {
			isa = XCBuildConfiguration;
			buildSettings = {
				CODE_SIGN_IDENTITY = "Apple Development";
				CODE_SIGN_STYLE = Automatic;
				CURRENT_PROJECT_VERSION = 245;
				DEVELOPMENT_TEAM = Q322S2LD93;
				GENERATE_INFOPLIST_FILE = YES;
				IPHONEOS_DEPLOYMENT_TARGET = 17.6;
				LD_RUNPATH_SEARCH_PATHS = (
					"$(inherited)",
					"@executable_path/Frameworks",
					"@loader_path/Frameworks",
				);
				MARKETING_VERSION = 1.9.147;
				PRODUCT_BUNDLE_IDENTIFIER = com.longshu.CallMateTool.dev.UITests;
				PRODUCT_NAME = "$(TARGET_NAME)";
				PROVISIONING_PROFILE_SPECIFIER = "";
				SUPPORTED_PLATFORMS = "iphoneos iphonesimulator";
				SWIFT_EMIT_LOC_STRINGS = NO;
				SWIFT_VERSION = 5.0;
				TARGETED_DEVICE_FAMILY = 1;
				TEST_TARGET_NAME = CallMate;
			};
			name = Release;
		};
		D1B2C3D62F7000010057B50D /* Debug */ = {
			isa = XCBuildConfiguration;
			buildSettings = {
				CODE_SIGNING_ALLOWED = NO;
				PRODUCT_NAME = "Pods-Bootstrap";
			};
			name = Debug;
		};
		D1B2C3D72F7000010057B50D /* Release */ = {
			isa = XCBuildConfiguration;
			buildSettings = {
				CODE_SIGNING_ALLOWED = NO;
				PRODUCT_NAME = "Pods-Bootstrap";
			};
			name = Release;
		};
		FA4E946C2F3075990057B50D /* Debug */ = {
			isa = XCBuildConfiguration;
			buildSettings = {
				ALWAYS_SEARCH_USER_PATHS = NO;
				ASSETCATALOG_COMPILER_GENERATE_SWIFT_ASSET_SYMBOL_EXTENSIONS = YES;
				CLANG_ANALYZER_LOCALIZABILITY_NONLOCALIZED = YES;
				CLANG_ANALYZER_NONNULL = YES;
				CLANG_ANALYZER_NUMBER_OBJECT_CONVERSION = YES_AGGRESSIVE;
				CLANG_CXX_LANGUAGE_STANDARD = "gnu++20";
				CLANG_ENABLE_MODULES = YES;
				CLANG_ENABLE_OBJC_ARC = YES;
				CLANG_ENABLE_OBJC_WEAK = YES;
				CLANG_WARN_BLOCK_CAPTURE_AUTORELEASING = YES;
				CLANG_WARN_BOOL_CONVERSION = YES;
				CLANG_WARN_COMMA = YES;
				CLANG_WARN_CONSTANT_CONVERSION = YES;
				CLANG_WARN_DEPRECATED_OBJC_IMPLEMENTATIONS = YES;
				CLANG_WARN_DIRECT_OBJC_ISA_USAGE = YES_ERROR;
				CLANG_WARN_DOCUMENTATION_COMMENTS = YES;
				CLANG_WARN_EMPTY_BODY = YES;
				CLANG_WARN_ENUM_CONVERSION = YES;
				CLANG_WARN_INFINITE_RECURSION = YES;
				CLANG_WARN_INT_CONVERSION = YES;
				CLANG_WARN_NON_LITERAL_NULL_CONVERSION = YES;
				CLANG_WARN_OBJC_IMPLICIT_RETAIN_SELF = YES;
				CLANG_WARN_OBJC_LITERAL_CONVERSION = YES;
				CLANG_WARN_OBJC_ROOT_CLASS = YES_ERROR;
				CLANG_WARN_QUOTED_INCLUDE_IN_FRAMEWORK_HEADER = YES;
				CLANG_WARN_RANGE_LOOP_ANALYSIS = YES;
				CLANG_WARN_STRICT_PROTOTYPES = YES;
				CLANG_WARN_SUSPICIOUS_MOVE = YES;
				CLANG_WARN_UNGUARDED_AVAILABILITY = YES_AGGRESSIVE;
				CLANG_WARN_UNREACHABLE_CODE = YES;
				CLANG_WARN__DUPLICATE_METHOD_MATCH = YES;
				COPY_PHASE_STRIP = NO;
				DEBUG_INFORMATION_FORMAT = dwarf;
				DEVELOPMENT_TEAM = MY2B9QQ34R;
				ENABLE_STRICT_OBJC_MSGSEND = YES;
				ENABLE_TESTABILITY = YES;
				ENABLE_USER_SCRIPT_SANDBOXING = NO;
				GCC_C_LANGUAGE_STANDARD = gnu17;
				GCC_DYNAMIC_NO_PIC = NO;
				GCC_NO_COMMON_BLOCKS = YES;
				GCC_OPTIMIZATION_LEVEL = 0;
				GCC_PREPROCESSOR_DEFINITIONS = (
					"DEBUG=1",
					"$(inherited)",
				);
				GCC_WARN_64_TO_32_BIT_CONVERSION = YES;
				GCC_WARN_ABOUT_RETURN_TYPE = YES_ERROR;
				GCC_WARN_UNDECLARED_SELECTOR = YES;
				GCC_WARN_UNINITIALIZED_AUTOS = YES_AGGRESSIVE;
				GCC_WARN_UNUSED_FUNCTION = YES;
				GCC_WARN_UNUSED_VARIABLE = YES;
				IPHONEOS_DEPLOYMENT_TARGET = 17.0;
				LOCALIZATION_PREFERS_STRING_CATALOGS = YES;
				MTL_ENABLE_DEBUG_INFO = INCLUDE_SOURCE;
				MTL_FAST_MATH = YES;
				ONLY_ACTIVE_ARCH = YES;
				SDKROOT = iphoneos;
				STRING_CATALOG_GENERATE_SYMBOLS = YES;
				SWIFT_ACTIVE_COMPILATION_CONDITIONS = "DEBUG $(inherited)";
				SWIFT_OPTIMIZATION_LEVEL = "-Onone";
			};
			name = Debug;
		};
		FA4E946D2F3075990057B50D /* Release */ = {
			isa = XCBuildConfiguration;
			buildSettings = {
				ALWAYS_SEARCH_USER_PATHS = NO;
				ASSETCATALOG_COMPILER_GENERATE_SWIFT_ASSET_SYMBOL_EXTENSIONS = YES;
				CLANG_ANALYZER_LOCALIZABILITY_NONLOCALIZED = YES;
				CLANG_ANALYZER_NONNULL = YES;
				CLANG_ANALYZER_NUMBER_OBJECT_CONVERSION = YES_AGGRESSIVE;
				CLANG_CXX_LANGUAGE_STANDARD = "gnu++20";
				CLANG_ENABLE_MODULES = YES;
				CLANG_ENABLE_OBJC_ARC = YES;
				CLANG_ENABLE_OBJC_WEAK = YES;
				CLANG_WARN_BLOCK_CAPTURE_AUTORELEASING = YES;
				CLANG_WARN_BOOL_CONVERSION = YES;
				CLANG_WARN_COMMA = YES;
				CLANG_WARN_CONSTANT_CONVERSION = YES;
				CLANG_WARN_DEPRECATED_OBJC_IMPLEMENTATIONS = YES;
				CLANG_WARN_DIRECT_OBJC_ISA_USAGE = YES_ERROR;
				CLANG_WARN_DOCUMENTATION_COMMENTS = YES;
				CLANG_WARN_EMPTY_BODY = YES;
				CLANG_WARN_ENUM_CONVERSION = YES;
				CLANG_WARN_INFINITE_RECURSION = YES;
				CLANG_WARN_INT_CONVERSION = YES;
				CLANG_WARN_NON_LITERAL_NULL_CONVERSION = YES;
				CLANG_WARN_OBJC_IMPLICIT_RETAIN_SELF = YES;
				CLANG_WARN_OBJC_LITERAL_CONVERSION = YES;
				CLANG_WARN_OBJC_ROOT_CLASS = YES_ERROR;
				CLANG_WARN_QUOTED_INCLUDE_IN_FRAMEWORK_HEADER = YES;
				CLANG_WARN_RANGE_LOOP_ANALYSIS = YES;
				CLANG_WARN_STRICT_PROTOTYPES = YES;
				CLANG_WARN_SUSPICIOUS_MOVE = YES;
				CLANG_WARN_UNGUARDED_AVAILABILITY = YES_AGGRESSIVE;
				CLANG_WARN_UNREACHABLE_CODE = YES;
				CLANG_WARN__DUPLICATE_METHOD_MATCH = YES;
				COPY_PHASE_STRIP = NO;
				DEBUG_INFORMATION_FORMAT = "dwarf-with-dsym";
				DEVELOPMENT_TEAM = MY2B9QQ34R;
				ENABLE_NS_ASSERTIONS = NO;
				ENABLE_STRICT_OBJC_MSGSEND = YES;
				ENABLE_USER_SCRIPT_SANDBOXING = NO;
				GCC_C_LANGUAGE_STANDARD = gnu17;
				GCC_NO_COMMON_BLOCKS = YES;
				GCC_WARN_64_TO_32_BIT_CONVERSION = YES;
				GCC_WARN_ABOUT_RETURN_TYPE = YES_ERROR;
				GCC_WARN_UNDECLARED_SELECTOR = YES;
				GCC_WARN_UNINITIALIZED_AUTOS = YES_AGGRESSIVE;
				GCC_WARN_UNUSED_FUNCTION = YES;
				GCC_WARN_UNUSED_VARIABLE = YES;
				IPHONEOS_DEPLOYMENT_TARGET = 17.0;
				LOCALIZATION_PREFERS_STRING_CATALOGS = YES;
				MTL_ENABLE_DEBUG_INFO = NO;
				MTL_FAST_MATH = YES;
				SDKROOT = iphoneos;
				STRING_CATALOG_GENERATE_SYMBOLS = YES;
				SWIFT_COMPILATION_MODE = wholemodule;
				VALIDATE_PRODUCT = YES;
			};
			name = Release;
		};
		FA4E946F2F3075990057B50D /* Debug */ = {
			isa = XCBuildConfiguration;
			baseConfigurationReference = 48F556DDD28560E33B10A367 /* Pods-CallMate.debug.xcconfig */;
			buildSettings = {
				APS_ENVIRONMENT = development;
				ASSETCATALOG_COMPILER_APPICON_NAME = AppIcon;
				ASSETCATALOG_COMPILER_GLOBAL_ACCENT_COLOR_NAME = AccentColor;
				CODE_SIGN_ENTITLEMENTS = CallMate/CallMate.entitlements;
				CODE_SIGN_IDENTITY = "Apple Development";
				CODE_SIGN_STYLE = Automatic;
				CURRENT_PROJECT_VERSION = 245;
				DEVELOPMENT_TEAM = Q322S2LD93;
				ENABLE_PREVIEWS = YES;
				GENERATE_INFOPLIST_FILE = YES;
				HEADER_SEARCH_PATHS = (
					"$(inherited)",
					"$(SRCROOT)/CallMate/ThirdParty/libsbc/include",
				);
				INFOPLIST_FILE = Info.plist;
				INFOPLIST_KEY_CFBundleDisplayName = "EchoCardAI代接卡";
				INFOPLIST_KEY_ITSAppUsesNonExemptEncryption = NO;
				INFOPLIST_KEY_LSApplicationCategoryType = "public.app-category.utilities";
				INFOPLIST_KEY_NSBluetoothAlwaysUsageDescription = "需要蓝牙用于搜索并连接 EchoCard 设备。";
				INFOPLIST_KEY_NSBluetoothPeripheralUsageDescription = "需要蓝牙用于搜索并连接 EchoCard 设备。";
				INFOPLIST_KEY_NSCameraUsageDescription = "需要相机用于扫描桌面端二维码进行配对连接。";
				INFOPLIST_KEY_NSLocalNetworkUsageDescription = "需要局域网权限用于与 EchoCard 桌面端通信。";
				INFOPLIST_KEY_NSMicrophoneUsageDescription = "需要麦克风用于通话录音与语音交互。";
				INFOPLIST_KEY_NSSupportsLiveActivities = YES;
				INFOPLIST_KEY_UIApplicationSceneManifest_Generation = YES;
				INFOPLIST_KEY_UIApplicationSupportsIndirectInputEvents = YES;
				INFOPLIST_KEY_UIBackgroundModes = "bluetooth-central remote-notification";
				INFOPLIST_KEY_UILaunchScreen_Generation = YES;
				INFOPLIST_KEY_UISupportedInterfaceOrientations = UIInterfaceOrientationPortrait;
				INFOPLIST_KEY_UISupportedInterfaceOrientations_iPad = "UIInterfaceOrientationLandscapeLeft UIInterfaceOrientationLandscapeRight UIInterfaceOrientationPortrait UIInterfaceOrientationPortraitUpsideDown";
				IPHONEOS_DEPLOYMENT_TARGET = 17.0;
				LD_RUNPATH_SEARCH_PATHS = (
					"$(inherited)",
					"@executable_path/Frameworks",
				);
				MARKETING_VERSION = 1.9.231;
				PRODUCT_BUNDLE_IDENTIFIER = greater.longshu.CallMateTool;
				PRODUCT_NAME = "$(TARGET_NAME)";
				PROVISIONING_PROFILE_SPECIFIER = "";
				STRING_CATALOG_GENERATE_SYMBOLS = YES;
				SUPPORTED_PLATFORMS = "iphoneos iphonesimulator";
				SUPPORTS_MACCATALYST = NO;
				SUPPORTS_MAC_DESIGNED_FOR_IPHONE_IPAD = NO;
				SUPPORTS_XR_DESIGNED_FOR_IPHONE_IPAD = NO;
				SWIFT_ACTIVE_COMPILATION_CONDITIONS = "DEBUG $(inherited) USE_REAL_OPUS";
				SWIFT_APPROACHABLE_CONCURRENCY = YES;
				SWIFT_DEFAULT_ACTOR_ISOLATION = MainActor;
				SWIFT_EMIT_LOC_STRINGS = YES;
				SWIFT_OBJC_BRIDGING_HEADER = "CallMate/CallMate-Bridging-Header.h";
				SWIFT_UPCOMING_FEATURE_MEMBER_IMPORT_VISIBILITY = YES;
				SWIFT_VERSION = 5.0;
				TARGETED_DEVICE_FAMILY = 1;
			};
			name = Debug;
		};
		FA4E94702F3075990057B50D /* Release */ = {
			isa = XCBuildConfiguration;
			baseConfigurationReference = E7A1C9B02F5000010057B50D /* CallMate.release-appstore.xcconfig */;
			buildSettings = {
				APS_ENVIRONMENT = production;
				ASSETCATALOG_COMPILER_APPICON_NAME = AppIcon;
				ASSETCATALOG_COMPILER_GLOBAL_ACCENT_COLOR_NAME = AccentColor;
				CODE_SIGN_ENTITLEMENTS = CallMate/CallMateRelease.entitlements;
				CODE_SIGN_IDENTITY = "Apple Development";
				CODE_SIGN_STYLE = Automatic;
				CURRENT_PROJECT_VERSION = 245;
				DEVELOPMENT_TEAM = Q322S2LD93;
				ENABLE_PREVIEWS = YES;
				GENERATE_INFOPLIST_FILE = YES;
				HEADER_SEARCH_PATHS = (
					"$(inherited)",
					"$(SRCROOT)/CallMate/ThirdParty/libsbc/include",
				);
				INFOPLIST_FILE = Info.plist;
				INFOPLIST_KEY_CFBundleDisplayName = "EchoCardAI代接卡";
				INFOPLIST_KEY_ITSAppUsesNonExemptEncryption = NO;
				INFOPLIST_KEY_LSApplicationCategoryType = "public.app-category.utilities";
				INFOPLIST_KEY_NSBluetoothAlwaysUsageDescription = "需要蓝牙用于搜索并连接 EchoCard 设备。";
				INFOPLIST_KEY_NSBluetoothPeripheralUsageDescription = "需要蓝牙用于搜索并连接 EchoCard 设备。";
				INFOPLIST_KEY_NSCameraUsageDescription = "需要相机用于扫描桌面端二维码进行配对连接。";
				INFOPLIST_KEY_NSLocalNetworkUsageDescription = "需要局域网权限用于与 EchoCard 桌面端通信。";
				INFOPLIST_KEY_NSMicrophoneUsageDescription = "需要麦克风用于通话录音与语音交互。";
				INFOPLIST_KEY_NSSupportsLiveActivities = YES;
				INFOPLIST_KEY_UIApplicationSceneManifest_Generation = YES;
				INFOPLIST_KEY_UIApplicationSupportsIndirectInputEvents = YES;
				INFOPLIST_KEY_UIBackgroundModes = "bluetooth-central remote-notification";
				INFOPLIST_KEY_UILaunchScreen_Generation = YES;
				INFOPLIST_KEY_UISupportedInterfaceOrientations = UIInterfaceOrientationPortrait;
				INFOPLIST_KEY_UISupportedInterfaceOrientations_iPad = "UIInterfaceOrientationLandscapeLeft UIInterfaceOrientationLandscapeRight UIInterfaceOrientationPortrait UIInterfaceOrientationPortraitUpsideDown";
				IPHONEOS_DEPLOYMENT_TARGET = 17.0;
				LD_RUNPATH_SEARCH_PATHS = (
					"$(inherited)",
					"@executable_path/Frameworks",
				);
				MARKETING_VERSION = 1.9.231;
				PRODUCT_BUNDLE_IDENTIFIER = greater.longshu.CallMateTool;
				PRODUCT_NAME = "$(TARGET_NAME)";
				PROVISIONING_PROFILE_SPECIFIER = "";
				STRING_CATALOG_GENERATE_SYMBOLS = YES;
				SUPPORTED_PLATFORMS = "iphoneos iphonesimulator";
				SUPPORTS_MACCATALYST = NO;
				SUPPORTS_MAC_DESIGNED_FOR_IPHONE_IPAD = NO;
				SUPPORTS_XR_DESIGNED_FOR_IPHONE_IPAD = NO;
				SWIFT_ACTIVE_COMPILATION_CONDITIONS = "$(inherited) USE_REAL_OPUS";
				SWIFT_APPROACHABLE_CONCURRENCY = YES;
				SWIFT_DEFAULT_ACTOR_ISOLATION = MainActor;
				SWIFT_EMIT_LOC_STRINGS = YES;
				SWIFT_OBJC_BRIDGING_HEADER = "CallMate/CallMate-Bridging-Header.h";
				SWIFT_UPCOMING_FEATURE_MEMBER_IMPORT_VISIBILITY = YES;
				SWIFT_VERSION = 5.0;
				TARGETED_DEVICE_FAMILY = 1;
			};
			name = Release;
		};
/* End XCBuildConfiguration section */

/* Begin XCConfigurationList section */
		A1B2C3DE2F4000010057B50D /* Build configuration list for PBXNativeTarget "CallMateLiveActivity" */ = {
			isa = XCConfigurationList;
			buildConfigurations = (
				A1B2C3DC2F4000010057B50D /* Debug */,
				A1B2C3DD2F4000010057B50D /* Release */,
			);
			defaultConfigurationIsVisible = 0;
			defaultConfigurationName = Release;
		};
		B1C2D3EA2F5000010057B50D /* Build configuration list for PBXNativeTarget "CallMateUITests" */ = {
			isa = XCConfigurationList;
			buildConfigurations = (
				B1C2D3EB2F5000010057B50D /* Debug */,
				B1C2D3EC2F5000010057B50D /* Release */,
			);
			defaultConfigurationIsVisible = 0;
			defaultConfigurationName = Release;
		};
		D1B2C3D52F7000010057B50D /* Build configuration list for PBXAggregateTarget "Pods-Bootstrap" */ = {
			isa = XCConfigurationList;
			buildConfigurations = (
				D1B2C3D62F7000010057B50D /* Debug */,
				D1B2C3D72F7000010057B50D /* Release */,
			);
			defaultConfigurationIsVisible = 0;
			defaultConfigurationName = Release;
		};
		FA4E945E2F3075970057B50D /* Build configuration list for PBXProject "EchoCard" */ = {
			isa = XCConfigurationList;
			buildConfigurations = (
				FA4E946C2F3075990057B50D /* Debug */,
				FA4E946D2F3075990057B50D /* Release */,
			);
			defaultConfigurationIsVisible = 0;
			defaultConfigurationName = Release;
		};
		FA4E946E2F3075990057B50D /* Build configuration list for PBXNativeTarget "CallMate" */ = {
			isa = XCConfigurationList;
			buildConfigurations = (
				FA4E946F2F3075990057B50D /* Debug */,
				FA4E94702F3075990057B50D /* Release */,
			);
			defaultConfigurationIsVisible = 0;
			defaultConfigurationName = Release;
		};
/* End XCConfigurationList section */
	};
	rootObject = FA4E945B2F3075970057B50D /* Project object */;
}
